
Microsoft Visual Studio Solution File, Format Version 12.00
# Visual Studio Version 17
VisualStudioVersion = 17.0.31903.59
MinimumVisualStudioVersion = 10.0.40219.1
Project("{2150E333-8FDC-42A3-9474-1A3956D46DE8}") = "Application.BackEnd", "Application.BackEnd", "{CBF7F321-A1D9-4B3B-AB1C-AC3CC6481943}"
EndProject
Project("{FAE04EC0-301F-11D3-BF4B-00C04F79EFBC}") = "Aplication", "Application.BackEnd\Aplication\Aplication.csproj", "{8E89408C-1EAA-40EB-BD62-4104CD038A61}"
EndProject
Project("{2150E333-8FDC-42A3-9474-1A3956D46DE8}") = "Domain.Backend", "Domain.Backend", "{3E6D9623-F733-4B62-ADC6-DB1F12CAA5C3}"
EndProject
Project("{FAE04EC0-301F-11D3-BF4B-00C04F79EFBC}") = "Domain", "Domain.Backend\Domain\Domain.csproj", "{49C5007E-D8E7-4C6F-BD74-2FF464B1347A}"
EndProject
Project("{2150E333-8FDC-42A3-9474-1A3956D46DE8}") = "Infractruture.BackEnd", "Infractruture.BackEnd", "{C7783326-1487-42F0-83EC-1D4F0E6934DD}"
EndProject
Project("{FAE04EC0-301F-11D3-BF4B-00C04F79EFBC}") = "Infrastruture", "Infractruture.BackEnd\Infrastruture\Infrastruture.csproj", "{19BC8084-50E6-4FD9-87D1-BDB496520E4E}"
EndProject
Project("{2150E333-8FDC-42A3-9474-1A3956D46DE8}") = "Web.BackEnd", "Web.BackEnd", "{1111DB23-99BE-42C3-BF2C-DB9E7A5C6467}"
EndProject
Project("{2150E333-8FDC-42A3-9474-1A3956D46DE8}") = "References.BackEnd", "References.BackEnd", "{DF197EA5-CD78-4976-844C-CFC47331C5E2}"
EndProject
Project("{FAE04EC0-301F-11D3-BF4B-00C04F79EFBC}") = "References", "References.BackEnd\References\References.csproj", "{6DE8F533-0474-4119-BE98-FE0E97B2EE68}"
EndProject
Project("{FAE04EC0-301F-11D3-BF4B-00C04F79EFBC}") = "Web", "Web.BackEnd\Web\Web.csproj", "{43E32881-8581-49BE-BBAF-CEB99880F67F}"
EndProject
Global
	GlobalSection(SolutionConfigurationPlatforms) = preSolution
		Debug|Any CPU = Debug|Any CPU
		Release|Any CPU = Release|Any CPU
	EndGlobalSection
	GlobalSection(SolutionProperties) = preSolution
		HideSolutionNode = FALSE
	EndGlobalSection
	GlobalSection(ProjectConfigurationPlatforms) = postSolution
		{8E89408C-1EAA-40EB-BD62-4104CD038A61}.Debug|Any CPU.ActiveCfg = Debug|Any CPU
		{8E89408C-1EAA-40EB-BD62-4104CD038A61}.Debug|Any CPU.Build.0 = Debug|Any CPU
		{8E89408C-1EAA-40EB-BD62-4104CD038A61}.Release|Any CPU.ActiveCfg = Release|Any CPU
		{8E89408C-1EAA-40EB-BD62-4104CD038A61}.Release|Any CPU.Build.0 = Release|Any CPU
		{49C5007E-D8E7-4C6F-BD74-2FF464B1347A}.Debug|Any CPU.ActiveCfg = Debug|Any CPU
		{49C5007E-D8E7-4C6F-BD74-2FF464B1347A}.Debug|Any CPU.Build.0 = Debug|Any CPU
		{49C5007E-D8E7-4C6F-BD74-2FF464B1347A}.Release|Any CPU.ActiveCfg = Release|Any CPU
		{49C5007E-D8E7-4C6F-BD74-2FF464B1347A}.Release|Any CPU.Build.0 = Release|Any CPU
		{19BC8084-50E6-4FD9-87D1-BDB496520E4E}.Debug|Any CPU.ActiveCfg = Debug|Any CPU
		{19BC8084-50E6-4FD9-87D1-BDB496520E4E}.Debug|Any CPU.Build.0 = Debug|Any CPU
		{19BC8084-50E6-4FD9-87D1-BDB496520E4E}.Release|Any CPU.ActiveCfg = Release|Any CPU
		{19BC8084-50E6-4FD9-87D1-BDB496520E4E}.Release|Any CPU.Build.0 = Release|Any CPU
		{6DE8F533-0474-4119-BE98-FE0E97B2EE68}.Debug|Any CPU.ActiveCfg = Debug|Any CPU
		{6DE8F533-0474-4119-BE98-FE0E97B2EE68}.Debug|Any CPU.Build.0 = Debug|Any CPU
		{6DE8F533-0474-4119-BE98-FE0E97B2EE68}.Release|Any CPU.ActiveCfg = Release|Any CPU
		{6DE8F533-0474-4119-BE98-FE0E97B2EE68}.Release|Any CPU.Build.0 = Release|Any CPU
		{43E32881-8581-49BE-BBAF-CEB99880F67F}.Debug|Any CPU.ActiveCfg = Debug|Any CPU
		{43E32881-8581-49BE-BBAF-CEB99880F67F}.Debug|Any CPU.Build.0 = Debug|Any CPU
		{43E32881-8581-49BE-BBAF-CEB99880F67F}.Release|Any CPU.ActiveCfg = Release|Any CPU
		{43E32881-8581-49BE-BBAF-CEB99880F67F}.Release|Any CPU.Build.0 = Release|Any CPU
	EndGlobalSection
	GlobalSection(NestedProjects) = preSolution
		{8E89408C-1EAA-40EB-BD62-4104CD038A61} = {CBF7F321-A1D9-4B3B-AB1C-AC3CC6481943}
		{49C5007E-D8E7-4C6F-BD74-2FF464B1347A} = {3E6D9623-F733-4B62-ADC6-DB1F12CAA5C3}
		{19BC8084-50E6-4FD9-87D1-BDB496520E4E} = {C7783326-1487-42F0-83EC-1D4F0E6934DD}
		{6DE8F533-0474-4119-BE98-FE0E97B2EE68} = {DF197EA5-CD78-4976-844C-CFC47331C5E2}
		{43E32881-8581-49BE-BBAF-CEB99880F67F} = {1111DB23-99BE-42C3-BF2C-DB9E7A5C6467}
	EndGlobalSection
EndGlobal
